
Microsoft Visual Studio Solution File, Format Version 12.00
# Visual Studio Version 17
VisualStudioVersion = 17.4.33205.214
MinimumVisualStudioVersion = 10.0.40219.1
Project("{FAE04EC0-301F-11D3-BF4B-00C04F79EFBC}") = "KeywordGenerator", "KeywordGenerator\KeywordGenerator.csproj", "{4FD6E4E6-F4BC-4DEF-8C16-5D06067A626D}"
EndProject
Global
	GlobalSection(SolutionConfigurationPlatforms) = preSolution
		Debug|Any CPU = Debug|Any CPU
		Release|Any CPU = Release|Any CPU
	EndGlobalSection
	GlobalSection(ProjectConfigurationPlatforms) = postSolution
		{4FD6E4E6-F4BC-4DEF-8C16-5D06067A626D}.Debug|Any CPU.ActiveCfg = Debug|Any CPU
		{4FD6E4E6-F4BC-4DEF-8C16-5D06067A626D}.Debug|Any CPU.Build.0 = Debug|Any CPU
		{4FD6E4E6-F4BC-4DEF-8C16-5D06067A626D}.Release|Any CPU.ActiveCfg = Release|Any CPU
		{4FD6E4E6-F4BC-4DEF-8C16-5D06067A626D}.Release|Any CPU.Build.0 = Release|Any CPU
	EndGlobalSection
	GlobalSection(SolutionProperties) = preSolution
		HideSolutionNode = FALSE
	EndGlobalSection
	GlobalSection(ExtensibilityGlobals) = postSolution
		SolutionGuid = {5A103005-5C52-43A4-B0E5-491DC3AC08A1}
	EndGlobalSection
EndGlobal
